{
  "lockfileVersion": 1,
  "configVersion": 0,
  "workspaces": {
    "": {
      "name": "notes",
      "dependencies": {
        "@fontsource/abril-fatface": "^5.2.7",
        "@fontsource/bebas-neue": "^5.2.7",
        "@fontsource/bitter": "^5.2.10",
        "@fontsource/caveat": "^5.2.8",
        "@fontsource/comfortaa": "^5.2.8",
        "@fontsource/cormorant-garamond": "^5.2.11",
        "@fontsource/courier-prime": "^5.2.8",
        "@fontsource/cousine": "^5.2.7",
        "@fontsource/crimson-pro": "^5.2.8",
        "@fontsource/dancing-script": "^5.2.8",
        "@fontsource/dm-mono": "^5.2.7",
        "@fontsource/dm-sans": "^5.2.8",
        "@fontsource/eb-garamond": "^5.2.7",
        "@fontsource/figtree": "^5.2.10",
        "@fontsource/fira-code": "^5.2.7",
        "@fontsource/ibm-plex-mono": "^5.2.7",
        "@fontsource/inconsolata": "^5.2.8",
        "@fontsource/instrument-sans": "^5.2.8",
        "@fontsource/instrument-serif": "^5.2.8",
        "@fontsource/inter": "^5.2.8",
        "@fontsource/jetbrains-mono": "^5.2.8",
        "@fontsource/jost": "^5.2.8",
        "@fontsource/karla": "^5.2.8",
        "@fontsource/lato": "^5.2.7",
        "@fontsource/libre-baskerville": "^5.2.10",
        "@fontsource/lora": "^5.2.8",
        "@fontsource/manrope": "^5.2.8",
        "@fontsource/merriweather": "^5.2.11",
        "@fontsource/montserrat": "^5.2.8",
        "@fontsource/mulish": "^5.2.8",
        "@fontsource/nunito": "^5.2.7",
        "@fontsource/open-sans": "^5.2.7",
        "@fontsource/oswald": "^5.2.8",
        "@fontsource/outfit": "^5.2.8",
        "@fontsource/pacifico": "^5.2.7",
        "@fontsource/patrick-hand": "^5.2.8",
        "@fontsource/permanent-marker": "^5.2.7",
        "@fontsource/playfair-display": "^5.2.8",
        "@fontsource/plus-jakarta-sans": "^5.2.8",
        "@fontsource/poppins": "^5.2.7",
        "@fontsource/quicksand": "^5.2.10",
        "@fontsource/raleway": "^5.2.8",
        "@fontsource/righteous": "^5.2.7",
        "@fontsource/roboto": "^5.2.10",
        "@fontsource/roboto-mono": "^5.2.8",
        "@fontsource/source-code-pro": "^5.2.7",
        "@fontsource/source-serif-4": "^5.2.9",
        "@fontsource/space-grotesk": "^5.2.10",
        "@fontsource/space-mono": "^5.2.9",
        "@fontsource/work-sans": "^5.2.8",
        "prismjs": "^1.30.0",
      },
      "devDependencies": {
        "@iconify/svelte": "^5.2.1",
        "@sveltejs/vite-plugin-svelte": "^7.0.0",
        "@tailwindcss/vite": "^4.2.4",
        "autoprefixer": "^10.5.0",
        "lucide-svelte": "^1.0.1",
        "postcss": "^8.5.12",
        "svelte": "^5.55.4",
        "svelte-preprocess": "^6.0.3",
        "tailwindcss": "^4.2.4",
        "vite": "^8.0.10",
      },
    },
  },
  "packages": {
    "@emnapi/core": ["@emnapi/core@1.10.0", "", { "dependencies": { "@emnapi/wasi-threads": "1.2.1", "tslib": "^2.4.0" } }, "sha512-yq6OkJ4p82CAfPl0u9mQebQHKPJkY7WrIuk205cTYnYe+k2Z8YBh11FrbRG/H6ihirqcacOgl2BIO8oyMQLeXw=="],

    "@emnapi/runtime": ["@emnapi/runtime@1.10.0", "", { "dependencies": { "tslib": "^2.4.0" } }, "sha512-ewvYlk86xUoGI0zQRNq/mC+16R1QeDlKQy21Ki3oSYXNgLb45GV1P6A0M+/s6nyCuNDqe5VpaY84BzXGwVbwFA=="],

    "@emnapi/wasi-threads": ["@emnapi/wasi-threads@1.2.1", "", { "dependencies": { "tslib": "^2.4.0" } }, "sha512-uTII7OYF+/Mes/MrcIOYp5yOtSMLBWSIoLPpcgwipoiKbli6k322tcoFsxoIIxPDqW01SQGAgko4EzZi2BNv2w=="],

    "@fontsource/abril-fatface": ["@fontsource/abril-fatface@5.2.7", "", {}, "sha512-2wcf7CchGHdAAl27L+StPK3fj5H1OtpPMglZ9ism0Za6w5h3khsKIMLvJaV/hey8U8QDyk6yDdkOjMXDEhOc6Q=="],

    "@fontsource/bebas-neue": ["@fontsource/bebas-neue@5.2.7", "", {}, "sha512-DsmBrmq55d9BCU0mt4DT4RZDdH8vhWRKEUOfbuNB1EEjMuwbtFvM8N+3gIlkYSFbsb10P8Q19BV5OdpMu2h0fA=="],

    "@fontsource/bitter": ["@fontsource/bitter@5.2.10", "", {}, "sha512-oqQgWAp+lgoGX7iFbVSbTkKyz0k8EK8+bLdUKDTqGTjW0HqrCue70v4jwbZvyNV/3DZol/b/L/WpdXfuQXKBUg=="],

    "@fontsource/caveat": ["@fontsource/caveat@5.2.8", "", {}, "sha512-9fUUfFE2IQFKbx+xOcaeQxxmh8iJguEb8z+j1PeueO4UUx+XfT4pRm/B04ZDvFA794/iRxY/IibmP8ZKtIf4rw=="],

    "@fontsource/comfortaa": ["@fontsource/comfortaa@5.2.8", "", {}, "sha512-S5oyMR0QzBPIJvS52W8Xgv9IcJkScIHgHZ7R2lqwW9nVD10mlIzunNPrIrAuU6kES+A35tc52UdQ9tunL1CWeg=="],

    "@fontsource/cormorant-garamond": ["@fontsource/cormorant-garamond@5.2.11", "", {}, "sha512-5JjpN023lhA5soijgVT0BdRGzmlijm402ppjccMd6h+vRE0mX2lJnE+41UPfnlidrkV9/rCo1mf58WZlHnB0CA=="],

    "@fontsource/courier-prime": ["@fontsource/courier-prime@5.2.8", "", {}, "sha512-M3xOCcXnGuFi9TcGCrz4hm5yeWg4Sn35MALRLPnqNoHhawTFvhyi2KSI2+5RyFtDNJrb58bPh8LLipgiI9KA0w=="],

    "@fontsource/cousine": ["@fontsource/cousine@5.2.7", "", {}, "sha512-2l6qNHghWeQDGqaR1QmS8iR1YWzhZczcVQpR/MJVNSKE8bELI6v2Rqe+d4pFfG+5PY9QhvZ+aKriqlbKubcR8g=="],

    "@fontsource/crimson-pro": ["@fontsource/crimson-pro@5.2.8", "", {}, "sha512-t+cAoAswUKEReDPqDNWWSyAp7baZkKrtF6Ry0KrDZQHJCldS9pIbRH0n2hm1u4+SbIUI7c+nUS9yfK6rEhycTw=="],

    "@fontsource/dancing-script": ["@fontsource/dancing-script@5.2.8", "", {}, "sha512-zHVVgIQ5/rAIM0VVp1QMsqvJm9INHO5/C82E9rHT6NlabjaPTFYn8wl9lT4vPWizfB0TublGQM1999kfdA+XFA=="],

    "@fontsource/dm-mono": ["@fontsource/dm-mono@5.2.7", "", {}, "sha512-Ma1az2atTVgQWuOWwjuxx26p/6A6CU9HBNKq1CFV6YKpKhpswnf9ry9Ql4+T6bTZzkdtSfS6tjJvqZOljVzIFQ=="],

    "@fontsource/dm-sans": ["@fontsource/dm-sans@5.2.8", "", {}, "sha512-tlovG42m9ESG28WiHpLq3F5umAlm64rv0RkqTbYowRn70e9OlRr5a3yTJhrhrY+k5lftR/OFJjPzOLQzk8EfCA=="],

    "@fontsource/eb-garamond": ["@fontsource/eb-garamond@5.2.7", "", {}, "sha512-V42tTlHDbnDo0+lENnXKWMx63Llq6Gfl2l7ozkoeRQN60S0jm6hEgCLlOT/5YyKAN9QZ0e2ofpy0rGKlz9jBrw=="],

    "@fontsource/figtree": ["@fontsource/figtree@5.2.10", "", {}, "sha512-nlO06N1qad88ySqzi/a2xwDBkamfZ4MFilP8la5dDyRY36ED0UYTs2hhtwJf8fM52+Nn7dQO2r27reKaXOyOIg=="],

    "@fontsource/fira-code": ["@fontsource/fira-code@5.2.7", "", {}, "sha512-tnB9NNund9TwIym8/7DMJe573nlPEQb+fKUV5GL8TBYXjIhDvL0D7mgmNVNQUPhXp+R7RylQeiBdkA4EbOHPGQ=="],

    "@fontsource/ibm-plex-mono": ["@fontsource/ibm-plex-mono@5.2.7", "", {}, "sha512-MKAb8qV+CaiMQn2B0dIi1OV3565NYzp3WN5b4oT6LTkk+F0jR6j0ZN+5BKJiIhffDC3rtBULsYZE65+0018z9w=="],

    "@fontsource/inconsolata": ["@fontsource/inconsolata@5.2.8", "", {}, "sha512-lIZW+WOZYpUH91g9r6rYYhfTmptF3YPPM54ZOs8IYVeeL4SeiAu4tfj7mdr8llYEq31DLYgi6JtGIJa192gB0Q=="],

    "@fontsource/instrument-sans": ["@fontsource/instrument-sans@5.2.8", "", {}, "sha512-TJRYVbjZPx4DGMMU5lb5eFKrP3iLe9h7rz8Pk+dP958IZKiyHjYGXXwQZapVbBXcQN+YOiviVhAWxrjv8g6Z6g=="],

    "@fontsource/instrument-serif": ["@fontsource/instrument-serif@5.2.8", "", {}, "sha512-s+bkz+syj2rO00Rmq9g0P+PwuLig33DR1xDR8pTWmovH1pUjwnncrFk++q9mmOex8fUQ7oW80gPpPDaw7V1MMw=="],

    "@fontsource/inter": ["@fontsource/inter@5.2.8", "", {}, "sha512-P6r5WnJoKiNVV+zvW2xM13gNdFhAEpQ9dQJHt3naLvfg+LkF2ldgSLiF4T41lf1SQCM9QmkqPTn4TH568IRagg=="],

    "@fontsource/jetbrains-mono": ["@fontsource/jetbrains-mono@5.2.8", "", {}, "sha512-6w8/SG4kqvIMu7xd7wt6x3idn1Qux3p9N62s6G3rfldOUYHpWcc2FKrqf+Vo44jRvqWj2oAtTHrZXEP23oSKwQ=="],

    "@fontsource/jost": ["@fontsource/jost@5.2.8", "", {}, "sha512-PEK7oGJL8r+YZm6BriWhmCql9DhVYTMt0iEQbZHo8mqfIPIZo67Tm68xEIaRA0yB3wsHA7Tm66yMQDIxq3Bjqw=="],

    "@fontsource/karla": ["@fontsource/karla@5.2.8", "", {}, "sha512-uZMA4ugNcHFYMpjr/9FIHQC3ldtILlqPdK3f4P9XInDgRL0NxdIyRwH9MuGZUT7sdup0kshk9zsGXitq1xpFAw=="],

    "@fontsource/lato": ["@fontsource/lato@5.2.7", "", {}, "sha512-k5mum1ADbDW5cTw1Ett1eQVWeoZ6gq0ct6SFBibEhB4LRxhniChJZTBgd6ph5yBxLkN1fcnsnmicBNA4S/3nbw=="],

    "@fontsource/libre-baskerville": ["@fontsource/libre-baskerville@5.2.10", "", {}, "sha512-Y/bGj4cOdWhAxU4+sBPen3MB5Og3t/WvezVL+05CJ7cvhDQUKpQFUuw/hm1IQKRc9u0lWs8VP2MKDOK2uQtloQ=="],

    "@fontsource/lora": ["@fontsource/lora@5.2.8", "", {}, "sha512-AQlfsHw4TP1x/eb2IZ6VjQ70ctKa39m9JN9A4zlvDOeKYLrCs+GaYIEQ86Y6YfSPGHn01bErXkRcyktOW0LOPQ=="],

    "@fontsource/manrope": ["@fontsource/manrope@5.2.8", "", {}, "sha512-gJHJmcuUk7qWcNCfcAri/DJQtXtBYqi9yKratr4jXhSo0I3xUtNNKI+igQIcw5c+m95g0vounk8ZnX/kb8o0TA=="],

    "@fontsource/merriweather": ["@fontsource/merriweather@5.2.11", "", {}, "sha512-ZiIMeUh5iT8d73o6xlSF8GKgjV5pgiFrufYc5jZTVAfExtWKqM2vQHnsqXSFMv4ELhAcjt6Vf+5T3oVGXhAizQ=="],

    "@fontsource/montserrat": ["@fontsource/montserrat@5.2.8", "", {}, "sha512-xTjLxSbSfCycDB0pwmNsfNvdfWPaDaRQ2LC6yt/ZI7SdvXG52zHnzNYC/09mzuAuWNJyShkteutfCoDgym56hQ=="],

    "@fontsource/mulish": ["@fontsource/mulish@5.2.8", "", {}, "sha512-pAqO7fkpGHd0Zjr5ieiWrr9kJiZWbaADaZWOlMERTsSqNsRUsg5y0jv4n6/VjWhd4LUfkYpiQBhP0yLDpbPNiw=="],

    "@fontsource/nunito": ["@fontsource/nunito@5.2.7", "", {}, "sha512-pmtBq0H9ex9nk+RtJYEJOD9pag393iHETnl/PVKleF4i06cd0ttngK5ZCTgYb5eOqR3Xdlrjtev8m7bmgYprew=="],

    "@fontsource/open-sans": ["@fontsource/open-sans@5.2.7", "", {}, "sha512-8yfgDYjE5O0vmTPdrcjV35y4yMnctsokmi9gN49Gcsr0sjzkMkR97AnKDe6OqZh2SFkYlR28fxOvi21bYEgMSw=="],

    "@fontsource/oswald": ["@fontsource/oswald@5.2.8", "", {}, "sha512-DFoPK1BqsFIQhVjs2xgO/oL9veF9oUJgFojEWIU+nazUrfqsBDtAMI4n9L9CZFX3kQNDLcCyzKx1xoEDvQT4WQ=="],

    "@fontsource/outfit": ["@fontsource/outfit@5.2.8", "", {}, "sha512-rXC6g0MqD7cOBjht0bMqc43qM6lRqDLML9KXsmg9uykz0wLQhy8Z/ajrMG6iyoT3NJR+MYgU+OEHp7uHoTb+Yw=="],

    "@fontsource/pacifico": ["@fontsource/pacifico@5.2.7", "", {}, "sha512-L+YiZn3Lb8rVN15zcLlti62doVxQeFpS+dJmulKkFrUo3dZIAxZLHwXoKaaHm+VVcOTrT/mmKCZqGOIWVmFV2w=="],

    "@fontsource/patrick-hand": ["@fontsource/patrick-hand@5.2.8", "", {}, "sha512-FZx34VLuiF+Pjv/A/m1bTxjR6hAvmL6vdCp62uypVdgFvSrPrBOxX+vCXVy8lfNVFqvKfm/ghun+aaYVYqfBEg=="],

    "@fontsource/permanent-marker": ["@fontsource/permanent-marker@5.2.7", "", {}, "sha512-Lpjv3yD6TSRvcxjhdv4OZuNtEttbUgVNfFqAE8Qf7D1J8L97qZTZ8rj8OExX2ezCNv920psv+HBHvthAQxNE+A=="],

    "@fontsource/playfair-display": ["@fontsource/playfair-display@5.2.8", "", {}, "sha512-fUEhib70SszNhQVsGbUMSsWJhr7Je0rdeuZdtGpDNu0GKF1xJM8QhpI/y0pckU25GcChXm9TLOmeZupkvvZo2g=="],

    "@fontsource/plus-jakarta-sans": ["@fontsource/plus-jakarta-sans@5.2.8", "", {}, "sha512-P5qE49fqdeD+7DXH1KBxmMPlB17LTz1zvBhFH0tFzfnYTKVJVyb0pR6plh0ZGXxcB+Oayb54FZZw3V42/DawTw=="],

    "@fontsource/poppins": ["@fontsource/poppins@5.2.7", "", {}, "sha512-6uQyPmseo4FgI97WIhA4yWRlNaoLk4vSDK/PyRwdqqZb5zAEuc+Kunt8JTMcsHYUEGYBtN15SNkMajMdqUSUmg=="],

    "@fontsource/quicksand": ["@fontsource/quicksand@5.2.10", "", {}, "sha512-rck0ccT6vJF9RnbSW2ON1grq5qFZvjVOGvYIUixATXF8mNh4KglD+8Sn8QpRgKQBSBJF5yOR3SBYBWPg/Y8YbQ=="],

    "@fontsource/raleway": ["@fontsource/raleway@5.2.8", "", {}, "sha512-OATNM+J4XniKQRlI1e67v3euOnCUiXwpqgMofomKc5JNYOq0JPE6E5uTXMnFaZejKN1Z7s05JrHpmYB7/tg1Fw=="],

    "@fontsource/righteous": ["@fontsource/righteous@5.2.7", "", {}, "sha512-u50Zr6cPEmbf5DUsw/NW5kQGgKB45mnFc+N12rFsoDm7pywUaEQmrVcYKPv2+4yo6f+mIDUXb4olZruknMU3QA=="],

    "@fontsource/roboto": ["@fontsource/roboto@5.2.10", "", {}, "sha512-8HlA5FtSfz//oFSr2eL7GFXAiE7eIkcGOtx7tjsLKq+as702x9+GU7K95iDeWFapHC4M2hv9RrpXKRTGGBI8Zg=="],

    "@fontsource/roboto-mono": ["@fontsource/roboto-mono@5.2.8", "", {}, "sha512-M0XPRcvkOKiTPooXwX7yJSNpuad3CPcQwsADBfnopz3apBs+VKI47pc42mlvAxJjNTRauu5rndSxHc8F52bR7Q=="],

    "@fontsource/source-code-pro": ["@fontsource/source-code-pro@5.2.7", "", {}, "sha512-7papq9TH94KT+S5VSY8cU7tFmwuGkIe3qxXRMscuAXH6AjMU+KJI75f28FzgBVDrlMfA0jjlTV4/x5+H5o/5EQ=="],

    "@fontsource/source-serif-4": ["@fontsource/source-serif-4@5.2.9", "", {}, "sha512-er/Pym9emsEVJNf947umJ4kXarXfsiN6CN7kTYinefKRaHLwiquiiHOZvKvxWgkV8JMCf3pV3g0NcsPFpVCH9w=="],

    "@fontsource/space-grotesk": ["@fontsource/space-grotesk@5.2.10", "", {}, "sha512-XNXEbT74OIITPqw2H6HXwPDp85fy43uxfBwFR5PU+9sLnjuLj12KlhVM9nZVN6q6dlKjkuN8JisW/OBxwxgUew=="],

    "@fontsource/space-mono": ["@fontsource/space-mono@5.2.9", "", {}, "sha512-b61faFOHEISQ/pD25G+cfGY9o/WW6lRv6hBQQfpWvEJ4y1V+S4gmth95EVyBE2VL3qDYHeVQ8nBzrplzdXTDDg=="],

    "@fontsource/work-sans": ["@fontsource/work-sans@5.2.8", "", {}, "sha512-6LaHjVVgts+rnrcqvEkP2+iUB/jw1oDSYsGO0+TltAhnWki9Hnf/UGpgMQh2jcm0GEH8VqCPnq4PpmHLFzxXtQ=="],

    "@iconify/svelte": ["@iconify/svelte@5.2.1", "", { "dependencies": { "@iconify/types": "^2.0.0" }, "peerDependencies": { "svelte": ">5.0.0" } }, "sha512-zHmsIPmnIhGd5gc95bNN5FL+GifwMZv7M2rlZEpa7IXYGFJm/XGHdWf6PWQa6OBoC+R69WyiPO9NAj5wjfjbow=="],

    "@iconify/types": ["@iconify/types@2.0.0", "", {}, "sha512-+wluvCrRhXrhyOmRDJ3q8mux9JkKy5SJ/v8ol2tu4FVjyYvtEzkc/3pK15ET6RKg4b4w4BmTk1+gsCUhf21Ykg=="],

    "@jridgewell/gen-mapping": ["@jridgewell/gen-mapping@0.3.13", "", { "dependencies": { "@jridgewell/sourcemap-codec": "^1.5.0", "@jridgewell/trace-mapping": "^0.3.24" } }, "sha512-2kkt/7niJ6MgEPxF0bYdQ6etZaA+fQvDcLKckhy1yIQOzaoKjBBjSj63/aLVjYE3qhRt5dvM+uUyfCg6UKCBbA=="],

    "@jridgewell/remapping": ["@jridgewell/remapping@2.3.5", "", { "dependencies": { "@jridgewell/gen-mapping": "^0.3.5", "@jridgewell/trace-mapping": "^0.3.24" } }, "sha512-LI9u/+laYG4Ds1TDKSJW2YPrIlcVYOwi2fUC6xB43lueCjgxV4lffOCZCtYFiH6TNOX+tQKXx97T4IKHbhyHEQ=="],

    "@jridgewell/resolve-uri": ["@jridgewell/resolve-uri@3.1.2", "", {}, "sha512-bRISgCIjP20/tbWSPWMEi54QVPRZExkuD9lJL+UIxUKtwVJA8wW1Trb1jMs1RFXo1CBTNZ/5hpC9QvmKWdopKw=="],

    "@jridgewell/sourcemap-codec": ["@jridgewell/sourcemap-codec@1.5.5", "", {}, "sha512-cYQ9310grqxueWbl+WuIUIaiUaDcj7WOq5fVhEljNVgRfOUhY9fy2zTvfoqWsnebh8Sl70VScFbICvJnLKB0Og=="],

    "@jridgewell/trace-mapping": ["@jridgewell/trace-mapping@0.3.31", "", { "dependencies": { "@jridgewell/resolve-uri": "^3.1.0", "@jridgewell/sourcemap-codec": "^1.4.14" } }, "sha512-zzNR+SdQSDJzc8joaeP8QQoCQr8NuYx2dIIytl1QeBEZHJ9uW6hebsrYgbz8hJwUQao3TWCMtmfV8Nu1twOLAw=="],

    "@napi-rs/wasm-runtime": ["@napi-rs/wasm-runtime@1.1.4", "", { "dependencies": { "@tybys/wasm-util": "^0.10.1" }, "peerDependencies": { "@emnapi/core": "^1.7.1", "@emnapi/runtime": "^1.7.1" } }, "sha512-3NQNNgA1YSlJb/kMH1ildASP9HW7/7kYnRI2szWJaofaS1hWmbGI4H+d3+22aGzXXN9IJ+n+GiFVcGipJP18ow=="],

    "@oxc-project/types": ["@oxc-project/types@0.127.0", "", {}, "sha512-aIYXQBo4lCbO4z0R3FHeucQHpF46l2LbMdxRvqvuRuW2OxdnSkcng5B8+K12spgLDj93rtN3+J2Vac/TIO+ciQ=="],

    "@rolldown/binding-android-arm64": ["@rolldown/binding-android-arm64@1.0.0-rc.17", "", { "os": "android", "cpu": "arm64" }, "sha512-s70pVGhw4zqGeFnXWvAzJDlvxhlRollagdCCKRgOsgUOH3N1l0LIxf83AtGzmb5SiVM4Hjl5HyarMRfdfj3DaQ=="],

    "@rolldown/binding-darwin-arm64": ["@rolldown/binding-darwin-arm64@1.0.0-rc.17", "", { "os": "darwin", "cpu": "arm64" }, "sha512-4ksWc9n0mhlZpZ9PMZgTGjeOPRu8MB1Z3Tz0Mo02eWfWCHMW1zN82Qz/pL/rC+yQa+8ZnutMF0JjJe7PjwasYw=="],

    "@rolldown/binding-darwin-x64": ["@rolldown/binding-darwin-x64@1.0.0-rc.17", "", { "os": "darwin", "cpu": "x64" }, "sha512-SUSDOI6WwUVNcWxd02QEBjLdY1VPHvlEkw6T/8nYG322iYWCTxRb1vzk4E+mWWYehTp7ERibq54LSJGjmouOsw=="],

    "@rolldown/binding-freebsd-x64": ["@rolldown/binding-freebsd-x64@1.0.0-rc.17", "", { "os": "freebsd", "cpu": "x64" }, "sha512-hwnz3nw9dbJ05EDO/PvcjaaewqqDy7Y1rn1UO81l8iIK1GjenME75dl16ajbvSSMfv66WXSRCYKIqfgq2KCfxw=="],

    "@rolldown/binding-linux-arm-gnueabihf": ["@rolldown/binding-linux-arm-gnueabihf@1.0.0-rc.17", "", { "os": "linux", "cpu": "arm" }, "sha512-IS+W7epTcwANmFSQFrS1SivEXHtl1JtuQA9wlxrZTcNi6mx+FDOYrakGevvvTwgj2JvWiK8B29/qD9BELZPyXQ=="],

    "@rolldown/binding-linux-arm64-gnu": ["@rolldown/binding-linux-arm64-gnu@1.0.0-rc.17", "", { "os": "linux", "cpu": "arm64" }, "sha512-e6usGaHKW5BMNZOymS1UcEYGowQMWcgZ71Z17Sl/h2+ZziNJ1a9n3Zvcz6LdRyIW5572wBCTH/Z+bKuZouGk9Q=="],

    "@rolldown/binding-linux-arm64-musl": ["@rolldown/binding-linux-arm64-musl@1.0.0-rc.17", "", { "os": "linux", "cpu": "arm64" }, "sha512-b/CgbwAJpmrRLp02RPfhbudf5tZnN9nsPWK82znefso832etkem8H7FSZwxrOI9djcdTP7U6YfNhbRnh7djErg=="],

    "@rolldown/binding-linux-ppc64-gnu": ["@rolldown/binding-linux-ppc64-gnu@1.0.0-rc.17", "", { "os": "linux", "cpu": "ppc64" }, "sha512-4EII1iNGRUN5WwGbF/kOh/EIkoDN9HsupgLQoXfY+D1oyJm7/F4t5PYU5n8SWZgG0FEwakyM8pGgwcBYruGTlA=="],

    "@rolldown/binding-linux-s390x-gnu": ["@rolldown/binding-linux-s390x-gnu@1.0.0-rc.17", "", { "os": "linux", "cpu": "s390x" }, "sha512-AH8oq3XqQo4IibpVXvPeLDI5pzkpYn0WiZAfT05kFzoJ6tQNzwRdDYQ45M8I/gslbodRZwW8uxLhbSBbkv96rA=="],

    "@rolldown/binding-linux-x64-gnu": ["@rolldown/binding-linux-x64-gnu@1.0.0-rc.17", "", { "os": "linux", "cpu": "x64" }, "sha512-cLnjV3xfo7KslbU41Z7z8BH/E1y5mzUYzAqih1d1MDaIGZRCMqTijqLv76/P7fyHuvUcfGsIpqCdddbxLLK9rA=="],

    "@rolldown/binding-linux-x64-musl": ["@rolldown/binding-linux-x64-musl@1.0.0-rc.17", "", { "os": "linux", "cpu": "x64" }, "sha512-0phclDw1spsL7dUB37sIARuis2tAgomCJXAHZlpt8PXZ4Ba0dRP1e+66lsRqrfhISeN9bEGNjQs+T/Fbd7oYGw=="],

    "@rolldown/binding-openharmony-arm64": ["@rolldown/binding-openharmony-arm64@1.0.0-rc.17", "", { "os": "none", "cpu": "arm64" }, "sha512-0ag/hEgXOwgw4t8QyQvUCxvEg+V0KBcA6YuOx9g0r02MprutRF5dyljgm3EmR02O292UX7UeS6HzWHAl6KgyhA=="],

    "@rolldown/binding-wasm32-wasi": ["@rolldown/binding-wasm32-wasi@1.0.0-rc.17", "", { "dependencies": { "@emnapi/core": "1.10.0", "@emnapi/runtime": "1.10.0", "@napi-rs/wasm-runtime": "^1.1.4" }, "cpu": "none" }, "sha512-LEXei6vo0E5wTGwpkJ4KoT3OZJRnglwldt5ziLzOlc6qqb55z4tWNq2A+PFqCJuvWWdP53CVhG1Z9NtToDPJrA=="],

    "@rolldown/binding-win32-arm64-msvc": ["@rolldown/binding-win32-arm64-msvc@1.0.0-rc.17", "", { "os": "win32", "cpu": "arm64" }, "sha512-gUmyzBl3SPMa6hrqFUth9sVfcLBlYsbMzBx5PlexMroZStgzGqlZ26pYG89rBb45Mnia+oil6YAIFeEWGWhoZA=="],

    "@rolldown/binding-win32-x64-msvc": ["@rolldown/binding-win32-x64-msvc@1.0.0-rc.17", "", { "os": "win32", "cpu": "x64" }, "sha512-3hkiolcUAvPB9FLb3UZdfjVVNWherN1f/skkGWJP/fgSQhYUZpSIRr0/I8ZK9TkF3F7kxvJAk0+IcKvPHk9qQg=="],

    "@rolldown/pluginutils": ["@rolldown/pluginutils@1.0.0-rc.17", "", {}, "sha512-n8iosDOt6Ig1UhJ2AYqoIhHWh/isz0xpicHTzpKBeotdVsTEcxsSA/i3EVM7gQAj0rU27OLAxCjzlj15IWY7bg=="],

    "@sveltejs/acorn-typescript": ["@sveltejs/acorn-typescript@1.0.9", "", { "peerDependencies": { "acorn": "^8.9.0" } }, "sha512-lVJX6qEgs/4DOcRTpo56tmKzVPtoWAaVbL4hfO7t7NVwl9AAXzQR6cihesW1BmNMPl+bK6dreu2sOKBP2Q9CIA=="],

    "@sveltejs/vite-plugin-svelte": ["@sveltejs/vite-plugin-svelte@7.0.0", "", { "dependencies": { "deepmerge": "^4.3.1", "magic-string": "^0.30.21", "obug": "^2.1.0", "vitefu": "^1.1.2" }, "peerDependencies": { "svelte": "^5.46.4", "vite": "^8.0.0-beta.7 || ^8.0.0" } }, "sha512-ILXmxC7HAsnkK2eslgPetrqqW1BKSL7LktsFgqzNj83MaivMGZzluWq32m25j2mDOjmSKX7GGWahePhuEs7P/g=="],

    "@tailwindcss/node": ["@tailwindcss/node@4.2.4", "", { "dependencies": { "@jridgewell/remapping": "^2.3.5", "enhanced-resolve": "^5.19.0", "jiti": "^2.6.1", "lightningcss": "1.32.0", "magic-string": "^0.30.21", "source-map-js": "^1.2.1", "tailwindcss": "4.2.4" } }, "sha512-Ai7+yQPxz3ddrDQzFfBKdHEVBg0w3Zl83jnjuwxnZOsnH9pGn93QHQtpU0p/8rYWxvbFZHneni6p1BSLK4DkGA=="],

    "@tailwindcss/oxide": ["@tailwindcss/oxide@4.2.4", "", { "optionalDependencies": { "@tailwindcss/oxide-android-arm64": "4.2.4", "@tailwindcss/oxide-darwin-arm64": "4.2.4", "@tailwindcss/oxide-darwin-x64": "4.2.4", "@tailwindcss/oxide-freebsd-x64": "4.2.4", "@tailwindcss/oxide-linux-arm-gnueabihf": "4.2.4", "@tailwindcss/oxide-linux-arm64-gnu": "4.2.4", "@tailwindcss/oxide-linux-arm64-musl": "4.2.4", "@tailwindcss/oxide-linux-x64-gnu": "4.2.4", "@tailwindcss/oxide-linux-x64-musl": "4.2.4", "@tailwindcss/oxide-wasm32-wasi": "4.2.4", "@tailwindcss/oxide-win32-arm64-msvc": "4.2.4", "@tailwindcss/oxide-win32-x64-msvc": "4.2.4" } }, "sha512-9El/iI069DKDSXwTvB9J4BwdO5JhRrOweGaK25taBAvBXyXqJAX+Jqdvs8r8gKpsI/1m0LeJLyQYTf/WLrBT1Q=="],

    "@tailwindcss/oxide-android-arm64": ["@tailwindcss/oxide-android-arm64@4.2.4", "", { "os": "android", "cpu": "arm64" }, "sha512-e7MOr1SAn9U8KlZzPi1ZXGZHeC5anY36qjNwmZv9pOJ8E4Q6jmD1vyEHkQFmNOIN7twGPEMXRHmitN4zCMN03g=="],

    "@tailwindcss/oxide-darwin-arm64": ["@tailwindcss/oxide-darwin-arm64@4.2.4", "", { "os": "darwin", "cpu": "arm64" }, "sha512-tSC/Kbqpz/5/o/C2sG7QvOxAKqyd10bq+ypZNf+9Fi2TvbVbv1zNpcEptcsU7DPROaSbVgUXmrzKhurFvo5eDg=="],

    "@tailwindcss/oxide-darwin-x64": ["@tailwindcss/oxide-darwin-x64@4.2.4", "", { "os": "darwin", "cpu": "x64" }, "sha512-yPyUXn3yO/ufR6+Kzv0t4fCg2qNr90jxXc5QqBpjlPNd0NqyDXcmQb/6weunH/MEDXW5dhyEi+agTDiqa3WsGg=="],

    "@tailwindcss/oxide-freebsd-x64": ["@tailwindcss/oxide-freebsd-x64@4.2.4", "", { "os": "freebsd", "cpu": "x64" }, "sha512-BoMIB4vMQtZsXdGLVc2z+P9DbETkiopogfWZKbWwM8b/1Vinbs4YcUwo+kM/KeLkX3Ygrf4/PsRndKaYhS8Eiw=="],

    "@tailwindcss/oxide-linux-arm-gnueabihf": ["@tailwindcss/oxide-linux-arm-gnueabihf@4.2.4", "", { "os": "linux", "cpu": "arm" }, "sha512-7pIHBLTHYRAlS7V22JNuTh33yLH4VElwKtB3bwchK/UaKUPpQ0lPQiOWcbm4V3WP2I6fNIJ23vABIvoy2izdwA=="],

    "@tailwindcss/oxide-linux-arm64-gnu": ["@tailwindcss/oxide-linux-arm64-gnu@4.2.4", "", { "os": "linux", "cpu": "arm64" }, "sha512-+E4wxJ0ZGOzSH325reXTWB48l42i93kQqMvDyz5gqfRzRZ7faNhnmvlV4EPGJU3QJM/3Ab5jhJ5pCRUsKn6OQw=="],

    "@tailwindcss/oxide-linux-arm64-musl": ["@tailwindcss/oxide-linux-arm64-musl@4.2.4", "", { "os": "linux", "cpu": "arm64" }, "sha512-bBADEGAbo4ASnppIziaQJelekCxdMaxisrk+fB7Thit72IBnALp9K6ffA2G4ruj90G9XRS2VQ6q2bCKbfFV82g=="],

    "@tailwindcss/oxide-linux-x64-gnu": ["@tailwindcss/oxide-linux-x64-gnu@4.2.4", "", { "os": "linux", "cpu": "x64" }, "sha512-7Mx25E4WTfnht0TVRTyC00j3i0M+EeFe7wguMDTlX4mRxafznw0CA8WJkFjWYH5BlgELd1kSjuU2JiPnNZbJDA=="],

    "@tailwindcss/oxide-linux-x64-musl": ["@tailwindcss/oxide-linux-x64-musl@4.2.4", "", { "os": "linux", "cpu": "x64" }, "sha512-2wwJRF7nyhOR0hhHoChc04xngV3iS+akccHTGtz965FwF0up4b2lOdo6kI1EbDaEXKgvcrFBYcYQQ/rrnWFVfA=="],

    "@tailwindcss/oxide-wasm32-wasi": ["@tailwindcss/oxide-wasm32-wasi@4.2.4", "", { "dependencies": { "@emnapi/core": "^1.8.1", "@emnapi/runtime": "^1.8.1", "@emnapi/wasi-threads": "^1.1.0", "@napi-rs/wasm-runtime": "^1.1.1", "@tybys/wasm-util": "^0.10.1", "tslib": "^2.8.1" }, "cpu": "none" }, "sha512-FQsqApeor8Fo6gUEklzmaa9994orJZZDBAlQpK2Mq+DslRKFJeD6AjHpBQ0kZFQohVr8o85PPh8eOy86VlSCmw=="],

    "@tailwindcss/oxide-win32-arm64-msvc": ["@tailwindcss/oxide-win32-arm64-msvc@4.2.4", "", { "os": "win32", "cpu": "arm64" }, "sha512-L9BXqxC4ToVgwMFqj3pmZRqyHEztulpUJzCxUtLjobMCzTPsGt1Fa9enKbOpY2iIyVtaHNeNvAK8ERP/64sqGQ=="],

    "@tailwindcss/oxide-win32-x64-msvc": ["@tailwindcss/oxide-win32-x64-msvc@4.2.4", "", { "os": "win32", "cpu": "x64" }, "sha512-ESlKG0EpVJQwRjXDDa9rLvhEAh0mhP1sF7sap9dNZT0yyl9SAG6T7gdP09EH0vIv0UNTlo6jPWyujD6559fZvw=="],

    "@tailwindcss/vite": ["@tailwindcss/vite@4.2.4", "", { "dependencies": { "@tailwindcss/node": "4.2.4", "@tailwindcss/oxide": "4.2.4", "tailwindcss": "4.2.4" }, "peerDependencies": { "vite": "^5.2.0 || ^6 || ^7 || ^8" } }, "sha512-pCvohwOCspk3ZFn6eJzrrX3g4n2JY73H6MmYC87XfGPyTty4YsCjYTMArRZm/zOI8dIt3+EcrLHAFPe5A4bgtw=="],

    "@tybys/wasm-util": ["@tybys/wasm-util@0.10.1", "", { "dependencies": { "tslib": "^2.4.0" } }, "sha512-9tTaPJLSiejZKx+Bmog4uSubteqTvFrVrURwkmHixBo0G4seD0zUxp98E1DzUBJxLQ3NPwXrGKDiVjwx/DpPsg=="],

    "@types/estree": ["@types/estree@1.0.8", "", {}, "sha512-dWHzHa2WqEXI/O1E9OjrocMTKJl2mSrEolh1Iomrv6U+JuNwaHXsXx9bLu5gG7BUWFIN0skIQJQ/L1rIex4X6w=="],

    "@types/trusted-types": ["@types/trusted-types@2.0.7", "", {}, "sha512-ScaPdn1dQczgbl0QFTeTOmVHFULt394XJgOQNoyVhZ6r2vLnMLJfBPd53SB52T/3G36VI1/g2MZaX0cwDuXsfw=="],

    "acorn": ["acorn@8.16.0", "", { "bin": "bin/acorn" }, "sha512-UVJyE9MttOsBQIDKw1skb9nAwQuR5wuGD3+82K6JgJlm/Y+KI92oNsMNGZCYdDsVtRHSak0pcV5Dno5+4jh9sw=="],

    "aria-query": ["aria-query@5.3.1", "", {}, "sha512-Z/ZeOgVl7bcSYZ/u/rh0fOpvEpq//LZmdbkXyc7syVzjPAhfOa9ebsdTSjEBDU4vs5nC98Kfduj1uFo0qyET3g=="],

    "autoprefixer": ["autoprefixer@10.5.0", "", { "dependencies": { "browserslist": "^4.28.2", "caniuse-lite": "^1.0.30001787", "fraction.js": "^5.3.4", "picocolors": "^1.1.1", "postcss-value-parser": "^4.2.0" }, "peerDependencies": { "postcss": "^8.1.0" }, "bin": "bin/autoprefixer" }, "sha512-FMhOoZV4+qR6aTUALKX2rEqGG+oyATvwBt9IIzVR5rMa2HRWPkxf+P+PAJLD1I/H5/II+HuZcBJYEFBpq39ong=="],

    "axobject-query": ["axobject-query@4.1.0", "", {}, "sha512-qIj0G9wZbMGNLjLmg1PT6v2mE9AH2zlnADJD/2tC6E00hgmhUOfEB6greHPAfLRSufHqROIUTkw6E+M3lH0PTQ=="],

    "baseline-browser-mapping": ["baseline-browser-mapping@2.10.24", "", { "bin": "dist/cli.cjs" }, "sha512-I2NkZOOrj2XuguvWCK6OVh9GavsNjZjK908Rq3mIBK25+GD8vPX5w2WdxVqnQ7xx3SrZJiCiZFu+/Oz50oSYSA=="],

    "browserslist": ["browserslist@4.28.2", "", { "dependencies": { "baseline-browser-mapping": "^2.10.12", "caniuse-lite": "^1.0.30001782", "electron-to-chromium": "^1.5.328", "node-releases": "^2.0.36", "update-browserslist-db": "^1.2.3" }, "bin": "cli.js" }, "sha512-48xSriZYYg+8qXna9kwqjIVzuQxi+KYWp2+5nCYnYKPTr0LvD89Jqk2Or5ogxz0NUMfIjhh2lIUX/LyX9B4oIg=="],

    "caniuse-lite": ["caniuse-lite@1.0.30001791", "", {}, "sha512-yk0l/YSrOnFZk3UROpDLQD9+kC1l4meK/wed583AXrzoarMGJcbRi2Q4RaUYbKxYAsZ8sWmaSa/DsLmdBeI1vQ=="],

    "clsx": ["clsx@2.1.1", "", {}, "sha512-eYm0QWBtUrBWZWG0d386OGAw16Z995PiOVo2B7bjWSbHedGl5e0ZWaq65kOGgUSNesEIDkB9ISbTg/JK9dhCZA=="],

    "deepmerge": ["deepmerge@4.3.1", "", {}, "sha512-3sUqbMEc77XqpdNO7FRyRog+eW3ph+GYCbj+rK+uYyRMuwsVy0rMiVtPn+QJlKFvWP/1PYpapqYn0Me2knFn+A=="],

    "detect-libc": ["detect-libc@2.1.2", "", {}, "sha512-Btj2BOOO83o3WyH59e8MgXsxEQVcarkUOpEYrubB0urwnN10yQ364rsiByU11nZlqWYZm05i/of7io4mzihBtQ=="],

    "devalue": ["devalue@5.7.1", "", {}, "sha512-MUbZ586EgQqdRnC4yDrlod3BEdyvE4TapGYHMW2CiaW+KkkFmWEFqBUaLltEZCGi0iFXCEjRF0OjF0DV2QHjOA=="],

    "electron-to-chromium": ["electron-to-chromium@1.5.344", "", {}, "sha512-4MxfbmNDm+KPh066EZy+eUnkcDPcZ35wNmOWzFuh/ijvHsve6kbLTLURy88uCNK5FbpN+yk2nQY6BYh1GEt+wg=="],

    "enhanced-resolve": ["enhanced-resolve@5.21.0", "", { "dependencies": { "graceful-fs": "^4.2.4", "tapable": "^2.3.3" } }, "sha512-otxSQPw4lkOZWkHpB3zaEQs6gWYEsmX4xQF68ElXC/TWvGxGMSGOvoNbaLXm6/cS/fSfHtsEdw90y20PCd+sCA=="],

    "escalade": ["escalade@3.2.0", "", {}, "sha512-WUj2qlxaQtO4g6Pq5c29GTcWGDyd8itL8zTlipgECz3JesAiiOKotd8JU6otB3PACgG6xkJUyVhboMS+bje/jA=="],

    "esm-env": ["esm-env@1.2.2", "", {}, "sha512-Epxrv+Nr/CaL4ZcFGPJIYLWFom+YeV1DqMLHJoEd9SYRxNbaFruBwfEX/kkHUJf55j2+TUbmDcmuilbP1TmXHA=="],

    "esrap": ["esrap@2.2.5", "", { "dependencies": { "@jridgewell/sourcemap-codec": "^1.4.15" }, "peerDependencies": { "@typescript-eslint/types": "^8.2.0" }, "optionalPeers": ["@typescript-eslint/types"] }, "sha512-/yLB1538mag+dn0wsePTe8C0rDIjUOaJpMs2McodSzmM2msWcZsBSdRtg6HOBt0A/r82BN+Md3pgwSc/uWt2Ig=="],

    "fdir": ["fdir@6.5.0", "", { "peerDependencies": { "picomatch": "^3 || ^4" } }, "sha512-tIbYtZbucOs0BRGqPJkshJUYdL+SDH7dVM8gjy+ERp3WAUjLEFJE+02kanyHtwjWOnwrKYBiwAmM0p4kLJAnXg=="],

    "fraction.js": ["fraction.js@5.3.4", "", {}, "sha512-1X1NTtiJphryn/uLQz3whtY6jK3fTqoE3ohKs0tT+Ujr1W59oopxmoEh7Lu5p6vBaPbgoM0bzveAW4Qi5RyWDQ=="],

    "fsevents": ["fsevents@2.3.3", "", { "os": "darwin" }, "sha512-5xoDfX+fL7faATnagmWPpbFtwh/R77WmMMqqHGS65C3vvB0YHrgF+B1YmZ3441tMj5n63k0212XNoJwzlhffQw=="],

    "graceful-fs": ["graceful-fs@4.2.11", "", {}, "sha512-RbJ5/jmFcNNCcDV5o9eTnBLJ/HszWV0P73bc+Ff4nS/rJj+YaS6IGyiOL0VoBYX+l1Wrl3k63h/KrH+nhJ0XvQ=="],

    "is-reference": ["is-reference@3.0.3", "", { "dependencies": { "@types/estree": "^1.0.6" } }, "sha512-ixkJoqQvAP88E6wLydLGGqCJsrFUnqoH6HnaczB8XmDH1oaWU+xxdptvikTgaEhtZ53Ky6YXiBuUI2WXLMCwjw=="],

    "jiti": ["jiti@2.6.1", "", { "bin": { "jiti": "lib/jiti-cli.mjs" } }, "sha512-ekilCSN1jwRvIbgeg/57YFh8qQDNbwDb9xT/qu2DAHbFFZUicIl4ygVaAvzveMhMVr3LnpSKTNnwt8PoOfmKhQ=="],

    "lightningcss": ["lightningcss@1.32.0", "", { "dependencies": { "detect-libc": "^2.0.3" }, "optionalDependencies": { "lightningcss-android-arm64": "1.32.0", "lightningcss-darwin-arm64": "1.32.0", "lightningcss-darwin-x64": "1.32.0", "lightningcss-freebsd-x64": "1.32.0", "lightningcss-linux-arm-gnueabihf": "1.32.0", "lightningcss-linux-arm64-gnu": "1.32.0", "lightningcss-linux-arm64-musl": "1.32.0", "lightningcss-linux-x64-gnu": "1.32.0", "lightningcss-linux-x64-musl": "1.32.0", "lightningcss-win32-arm64-msvc": "1.32.0", "lightningcss-win32-x64-msvc": "1.32.0" } }, "sha512-NXYBzinNrblfraPGyrbPoD19C1h9lfI/1mzgWYvXUTe414Gz/X1FD2XBZSZM7rRTrMA8JL3OtAaGifrIKhQ5yQ=="],

    "lightningcss-android-arm64": ["lightningcss-android-arm64@1.32.0", "", { "os": "android", "cpu": "arm64" }, "sha512-YK7/ClTt4kAK0vo6w3X+Pnm0D2cf2vPHbhOXdoNti1Ga0al1P4TBZhwjATvjNwLEBCnKvjJc2jQgHXH0NEwlAg=="],

    "lightningcss-darwin-arm64": ["lightningcss-darwin-arm64@1.32.0", "", { "os": "darwin", "cpu": "arm64" }, "sha512-RzeG9Ju5bag2Bv1/lwlVJvBE3q6TtXskdZLLCyfg5pt+HLz9BqlICO7LZM7VHNTTn/5PRhHFBSjk5lc4cmscPQ=="],

    "lightningcss-darwin-x64": ["lightningcss-darwin-x64@1.32.0", "", { "os": "darwin", "cpu": "x64" }, "sha512-U+QsBp2m/s2wqpUYT/6wnlagdZbtZdndSmut/NJqlCcMLTWp5muCrID+K5UJ6jqD2BFshejCYXniPDbNh73V8w=="],

    "lightningcss-freebsd-x64": ["lightningcss-freebsd-x64@1.32.0", "", { "os": "freebsd", "cpu": "x64" }, "sha512-JCTigedEksZk3tHTTthnMdVfGf61Fky8Ji2E4YjUTEQX14xiy/lTzXnu1vwiZe3bYe0q+SpsSH/CTeDXK6WHig=="],

    "lightningcss-linux-arm-gnueabihf": ["lightningcss-linux-arm-gnueabihf@1.32.0", "", { "os": "linux", "cpu": "arm" }, "sha512-x6rnnpRa2GL0zQOkt6rts3YDPzduLpWvwAF6EMhXFVZXD4tPrBkEFqzGowzCsIWsPjqSK+tyNEODUBXeeVHSkw=="],

    "lightningcss-linux-arm64-gnu": ["lightningcss-linux-arm64-gnu@1.32.0", "", { "os": "linux", "cpu": "arm64" }, "sha512-0nnMyoyOLRJXfbMOilaSRcLH3Jw5z9HDNGfT/gwCPgaDjnx0i8w7vBzFLFR1f6CMLKF8gVbebmkUN3fa/kQJpQ=="],

    "lightningcss-linux-arm64-musl": ["lightningcss-linux-arm64-musl@1.32.0", "", { "os": "linux", "cpu": "arm64" }, "sha512-UpQkoenr4UJEzgVIYpI80lDFvRmPVg6oqboNHfoH4CQIfNA+HOrZ7Mo7KZP02dC6LjghPQJeBsvXhJod/wnIBg=="],

    "lightningcss-linux-x64-gnu": ["lightningcss-linux-x64-gnu@1.32.0", "", { "os": "linux", "cpu": "x64" }, "sha512-V7Qr52IhZmdKPVr+Vtw8o+WLsQJYCTd8loIfpDaMRWGUZfBOYEJeyJIkqGIDMZPwPx24pUMfwSxxI8phr/MbOA=="],

    "lightningcss-linux-x64-musl": ["lightningcss-linux-x64-musl@1.32.0", "", { "os": "linux", "cpu": "x64" }, "sha512-bYcLp+Vb0awsiXg/80uCRezCYHNg1/l3mt0gzHnWV9XP1W5sKa5/TCdGWaR/zBM2PeF/HbsQv/j2URNOiVuxWg=="],

    "lightningcss-win32-arm64-msvc": ["lightningcss-win32-arm64-msvc@1.32.0", "", { "os": "win32", "cpu": "arm64" }, "sha512-8SbC8BR40pS6baCM8sbtYDSwEVQd4JlFTOlaD3gWGHfThTcABnNDBda6eTZeqbofalIJhFx0qKzgHJmcPTnGdw=="],

    "lightningcss-win32-x64-msvc": ["lightningcss-win32-x64-msvc@1.32.0", "", { "os": "win32", "cpu": "x64" }, "sha512-Amq9B/SoZYdDi1kFrojnoqPLxYhQ4Wo5XiL8EVJrVsB8ARoC1PWW6VGtT0WKCemjy8aC+louJnjS7U18x3b06Q=="],

    "locate-character": ["locate-character@3.0.0", "", {}, "sha512-SW13ws7BjaeJ6p7Q6CO2nchbYEc3X3J6WrmTTDto7yMPqVSZTUyY5Tjbid+Ab8gLnATtygYtiDIJGQRRn2ZOiA=="],

    "lucide-svelte": ["lucide-svelte@1.0.1", "", { "peerDependencies": { "svelte": "^3 || ^4 || ^5.0.0-next.42" } }, "sha512-WvzZgk0pqzgda+AErLvgWxHkfg/+GgUwqKMRHvzt0IqyMdmyEDzDCk3Z+Wo/3y753oIgx8u9Q4eUbWkghFa8Jg=="],

    "magic-string": ["magic-string@0.30.21", "", { "dependencies": { "@jridgewell/sourcemap-codec": "^1.5.5" } }, "sha512-vd2F4YUyEXKGcLHoq+TEyCjxueSeHnFxyyjNp80yg0XV4vUhnDer/lvvlqM/arB5bXQN5K2/3oinyCRyx8T2CQ=="],

    "nanoid": ["nanoid@3.3.11", "", { "bin": "bin/nanoid.cjs" }, "sha512-N8SpfPUnUp1bK+PMYW8qSWdl9U+wwNWI4QKxOYDy9JAro3WMX7p2OeVRF9v+347pnakNevPmiHhNmZ2HbFA76w=="],

    "node-releases": ["node-releases@2.0.38", "", {}, "sha512-3qT/88Y3FbH/Kx4szpQQ4HzUbVrHPKTLVpVocKiLfoYvw9XSGOX2FmD2d6DrXbVYyAQTF2HeF6My8jmzx7/CRw=="],

    "obug": ["obug@2.1.1", "", {}, "sha512-uTqF9MuPraAQ+IsnPf366RG4cP9RtUi7MLO1N3KEc+wb0a6yKpeL0lmk2IB1jY5KHPAlTc6T/JRdC/YqxHNwkQ=="],

    "picocolors": ["picocolors@1.1.1", "", {}, "sha512-xceH2snhtb5M9liqDsmEw56le376mTZkEX/jEb/RxNFyegNul7eNslCXP9FDj/Lcu0X8KEyMceP2ntpaHrDEVA=="],

    "picomatch": ["picomatch@4.0.4", "", {}, "sha512-QP88BAKvMam/3NxH6vj2o21R6MjxZUAd6nlwAS/pnGvN9IVLocLHxGYIzFhg6fUQ+5th6P4dv4eW9jX3DSIj7A=="],

    "postcss": ["postcss@8.5.12", "", { "dependencies": { "nanoid": "^3.3.11", "picocolors": "^1.1.1", "source-map-js": "^1.2.1" } }, "sha512-W62t/Se6rA0Az3DfCL0AqJwXuKwBeYg6nOaIgzP+xZ7N5BFCI7DYi1qs6ygUYT6rvfi6t9k65UMLJC+PHZpDAA=="],

    "postcss-value-parser": ["postcss-value-parser@4.2.0", "", {}, "sha512-1NNCs6uurfkVbeXG4S8JFT9t19m45ICnif8zWLd5oPSZ50QnwMfK+H3jv408d4jw/7Bttv5axS5IiHoLaVNHeQ=="],

    "prismjs": ["prismjs@1.30.0", "", {}, "sha512-DEvV2ZF2r2/63V+tK8hQvrR2ZGn10srHbXviTlcv7Kpzw8jWiNTqbVgjO3IY8RxrrOUF8VPMQQFysYYYv0YZxw=="],

    "rolldown": ["rolldown@1.0.0-rc.17", "", { "dependencies": { "@oxc-project/types": "=0.127.0", "@rolldown/pluginutils": "1.0.0-rc.17" }, "optionalDependencies": { "@rolldown/binding-android-arm64": "1.0.0-rc.17", "@rolldown/binding-darwin-arm64": "1.0.0-rc.17", "@rolldown/binding-darwin-x64": "1.0.0-rc.17", "@rolldown/binding-freebsd-x64": "1.0.0-rc.17", "@rolldown/binding-linux-arm-gnueabihf": "1.0.0-rc.17", "@rolldown/binding-linux-arm64-gnu": "1.0.0-rc.17", "@rolldown/binding-linux-arm64-musl": "1.0.0-rc.17", "@rolldown/binding-linux-ppc64-gnu": "1.0.0-rc.17", "@rolldown/binding-linux-s390x-gnu": "1.0.0-rc.17", "@rolldown/binding-linux-x64-gnu": "1.0.0-rc.17", "@rolldown/binding-linux-x64-musl": "1.0.0-rc.17", "@rolldown/binding-openharmony-arm64": "1.0.0-rc.17", "@rolldown/binding-wasm32-wasi": "1.0.0-rc.17", "@rolldown/binding-win32-arm64-msvc": "1.0.0-rc.17", "@rolldown/binding-win32-x64-msvc": "1.0.0-rc.17" }, "bin": "bin/cli.mjs" }, "sha512-ZrT53oAKrtA4+YtBWPQbtPOxIbVDbxT0orcYERKd63VJTF13zPcgXTvD4843L8pcsI7M6MErt8QtON6lrB9tyA=="],

    "source-map-js": ["source-map-js@1.2.1", "", {}, "sha512-UXWMKhLOwVKb728IUtQPXxfYU+usdybtUrK/8uGE8CQMvrhOpwvzDBwj0QhSL7MQc7vIsISBG8VQ8+IDQxpfQA=="],

    "svelte": ["svelte@5.55.5", "", { "dependencies": { "@jridgewell/remapping": "^2.3.4", "@jridgewell/sourcemap-codec": "^1.5.0", "@sveltejs/acorn-typescript": "^1.0.5", "@types/estree": "^1.0.5", "@types/trusted-types": "^2.0.7", "acorn": "^8.12.1", "aria-query": "5.3.1", "axobject-query": "^4.1.0", "clsx": "^2.1.1", "devalue": "^5.6.4", "esm-env": "^1.2.1", "esrap": "^2.2.4", "is-reference": "^3.0.3", "locate-character": "^3.0.0", "magic-string": "^0.30.11", "zimmerframe": "^1.1.2" } }, "sha512-2uCs/LZ9us+AktdzYJM8OcxQ8qnPS1kpaO7syGT/MgO+6Qr1Ybl+TqPq+97u7PHqmmMlye5ZkoyXONy5mjjAbw=="],

    "svelte-preprocess": ["svelte-preprocess@6.0.3", "", { "peerDependencies": { "@babel/core": "^7.10.2", "coffeescript": "^2.5.1", "less": "^3.11.3 || ^4.0.0", "postcss": "^7 || ^8", "postcss-load-config": ">=3", "pug": "^3.0.0", "sass": "^1.26.8", "stylus": ">=0.55", "sugarss": "^2.0.0 || ^3.0.0 || ^4.0.0", "svelte": "^4.0.0 || ^5.0.0-next.100 || ^5.0.0", "typescript": "^5.0.0" }, "optionalPeers": ["@babel/core", "coffeescript", "less", "postcss-load-config", "pug", "sass", "stylus", "sugarss", "typescript"] }, "sha512-PLG2k05qHdhmRG7zR/dyo5qKvakhm8IJ+hD2eFRQmMLHp7X3eJnjeupUtvuRpbNiF31RjVw45W+abDwHEmP5OA=="],

    "tailwindcss": ["tailwindcss@4.2.4", "", {}, "sha512-HhKppgO81FQof5m6TEnuBWCZGgfRAWbaeOaGT00KOy/Pf/j6oUihdvBpA7ltCeAvZpFhW3j0PTclkxsd4IXYDA=="],

    "tapable": ["tapable@2.3.3", "", {}, "sha512-uxc/zpqFg6x7C8vOE7lh6Lbda8eEL9zmVm/PLeTPBRhh1xCgdWaQ+J1CUieGpIfm2HdtsUpRv+HshiasBMcc6A=="],

    "tinyglobby": ["tinyglobby@0.2.16", "", { "dependencies": { "fdir": "^6.5.0", "picomatch": "^4.0.4" } }, "sha512-pn99VhoACYR8nFHhxqix+uvsbXineAasWm5ojXoN8xEwK5Kd3/TrhNn1wByuD52UxWRLy8pu+kRMniEi6Eq9Zg=="],

    "tslib": ["tslib@2.8.1", "", {}, "sha512-oJFu94HQb+KVduSUQL7wnpmqnfmLsOA/nAh6b6EH0wCEoK0/mPeXU6c3wKDV83MkOuHPRHtSXKKU99IBazS/2w=="],

    "update-browserslist-db": ["update-browserslist-db@1.2.3", "", { "dependencies": { "escalade": "^3.2.0", "picocolors": "^1.1.1" }, "peerDependencies": { "browserslist": ">= 4.21.0" }, "bin": "cli.js" }, "sha512-Js0m9cx+qOgDxo0eMiFGEueWztz+d4+M3rGlmKPT+T4IS/jP4ylw3Nwpu6cpTTP8R1MAC1kF4VbdLt3ARf209w=="],

    "vite": ["vite@8.0.10", "", { "dependencies": { "lightningcss": "^1.32.0", "picomatch": "^4.0.4", "postcss": "^8.5.10", "rolldown": "1.0.0-rc.17", "tinyglobby": "^0.2.16" }, "optionalDependencies": { "fsevents": "~2.3.3" }, "peerDependencies": { "@types/node": "^20.19.0 || >=22.12.0", "@vitejs/devtools": "^0.1.0", "esbuild": "^0.27.0 || ^0.28.0", "jiti": ">=1.21.0", "less": "^4.0.0", "sass": "^1.70.0", "sass-embedded": "^1.70.0", "stylus": ">=0.54.8", "sugarss": "^5.0.0", "terser": "^5.16.0", "tsx": "^4.8.1", "yaml": "^2.4.2" }, "optionalPeers": ["@types/node", "@vitejs/devtools", "esbuild", "jiti", "less", "sass", "sass-embedded", "stylus", "sugarss", "terser", "tsx", "yaml"], "bin": "bin/vite.js" }, "sha512-rZuUu9j6J5uotLDs+cAA4O5H4K1SfPliUlQwqa6YEwSrWDZzP4rhm00oJR5snMewjxF5V/K3D4kctsUTsIU9Mw=="],

    "vitefu": ["vitefu@1.1.3", "", { "peerDependencies": { "vite": "^3.0.0 || ^4.0.0 || ^5.0.0 || ^6.0.0 || ^7.0.0 || ^8.0.0" } }, "sha512-ub4okH7Z5KLjb6hDyjqrGXqWtWvoYdU3IGm/NorpgHncKoLTCfRIbvlhBm7r0YstIaQRYlp4yEbFqDcKSzXSSg=="],

    "zimmerframe": ["zimmerframe@1.1.4", "", {}, "sha512-B58NGBEoc8Y9MWWCQGl/gq9xBCe4IiKM0a2x7GZdQKOW5Exr8S1W24J6OgM1njK8xCRGvAJIL/MxXHf6SkmQKQ=="],

    "@tailwindcss/oxide-wasm32-wasi/@emnapi/core": ["@emnapi/core@1.10.0", "", { "dependencies": { "@emnapi/wasi-threads": "1.2.1", "tslib": "^2.4.0" }, "bundled": true }, "sha512-yq6OkJ4p82CAfPl0u9mQebQHKPJkY7WrIuk205cTYnYe+k2Z8YBh11FrbRG/H6ihirqcacOgl2BIO8oyMQLeXw=="],

    "@tailwindcss/oxide-wasm32-wasi/@emnapi/runtime": ["@emnapi/runtime@1.10.0", "", { "dependencies": { "tslib": "^2.4.0" }, "bundled": true }, "sha512-ewvYlk86xUoGI0zQRNq/mC+16R1QeDlKQy21Ki3oSYXNgLb45GV1P6A0M+/s6nyCuNDqe5VpaY84BzXGwVbwFA=="],

    "@tailwindcss/oxide-wasm32-wasi/@emnapi/wasi-threads": ["@emnapi/wasi-threads@1.2.1", "", { "dependencies": { "tslib": "^2.4.0" }, "bundled": true }, "sha512-uTII7OYF+/Mes/MrcIOYp5yOtSMLBWSIoLPpcgwipoiKbli6k322tcoFsxoIIxPDqW01SQGAgko4EzZi2BNv2w=="],

    "@tailwindcss/oxide-wasm32-wasi/@napi-rs/wasm-runtime": ["@napi-rs/wasm-runtime@1.1.4", "", { "dependencies": { "@tybys/wasm-util": "^0.10.1" }, "peerDependencies": { "@emnapi/core": "^1.7.1", "@emnapi/runtime": "^1.7.1" }, "bundled": true }, "sha512-3NQNNgA1YSlJb/kMH1ildASP9HW7/7kYnRI2szWJaofaS1hWmbGI4H+d3+22aGzXXN9IJ+n+GiFVcGipJP18ow=="],

    "@tailwindcss/oxide-wasm32-wasi/@tybys/wasm-util": ["@tybys/wasm-util@0.10.1", "", { "dependencies": { "tslib": "^2.4.0" }, "bundled": true }, "sha512-9tTaPJLSiejZKx+Bmog4uSubteqTvFrVrURwkmHixBo0G4seD0zUxp98E1DzUBJxLQ3NPwXrGKDiVjwx/DpPsg=="],

    "@tailwindcss/oxide-wasm32-wasi/tslib": ["tslib@2.8.1", "", { "bundled": true }, "sha512-oJFu94HQb+KVduSUQL7wnpmqnfmLsOA/nAh6b6EH0wCEoK0/mPeXU6c3wKDV83MkOuHPRHtSXKKU99IBazS/2w=="],
  }
}
